
Microsoft Visual Studio Solution File, Format Version 12.00
# Visual Studio Version 16
VisualStudioVersion = 16.0.29709.97
MinimumVisualStudioVersion = 10.0.40219.1
Project("{FAE04EC0-301F-11D3-BF4B-00C04F79EFBC}") = "TreasureIsland", "TreasureIsland\TreasureIsland.csproj", "{89D2E87F-3159-448E-BF30-293A55C779DC}"
EndProject
Global
	GlobalSection(SolutionConfigurationPlatforms) = preSolution
		Debug|Any CPU = Debug|Any CPU
		Release|Any CPU = Release|Any CPU
	EndGlobalSection
	GlobalSection(ProjectConfigurationPlatforms) = postSolution
		{89D2E87F-3159-448E-BF30-293A55C779DC}.Debug|Any CPU.ActiveCfg = Debug|Any CPU
		{89D2E87F-3159-448E-BF30-293A55C779DC}.Debug|Any CPU.Build.0 = Debug|Any CPU
		{89D2E87F-3159-448E-BF30-293A55C779DC}.Release|Any CPU.ActiveCfg = Release|Any CPU
		{89D2E87F-3159-448E-BF30-293A55C779DC}.Release|Any CPU.Build.0 = Release|Any CPU
	EndGlobalSection
	GlobalSection(SolutionProperties) = preSolution
		HideSolutionNode = FALSE
	EndGlobalSection
	GlobalSection(ExtensibilityGlobals) = postSolution
		SolutionGuid = {BD2FE90D-03F3-4982-AC2D-1D0AF1BB23B9}
	EndGlobalSection
EndGlobal
